// !$*UTF8*$!
{
	archiveVersion = 1;
	classes = {
	};
	objectVersion = 56;
	objects = {

/* Begin PBXBuildFile section */
		4C63034A2B00F58A004292B2 /* SimpleTracer.swift in Sources */ = {isa = PBXBuildFile; fileRef = 4C6303472B00F58A004292B2 /* SimpleTracer.swift */; };
		4C63034E2B00FD9B004292B2 /* SimplePing.m in Sources */ = {isa = PBXBuildFile; fileRef = 4C63034C2B00FD9B004292B2 /* SimplePing.m */; };
		4C6303512B00FEE9004292B2 /* NetworkTraceRouter.swift in Sources */ = {isa = PBXBuildFile; fileRef = 4C6303502B00FEE9004292B2 /* NetworkTraceRouter.swift */; };
		4C9B1473293CBCA40014FA6D /* NetworkDetecterApp.swift in Sources */ = {isa = PBXBuildFile; fileRef = 4C9B1472293CBCA40014FA6D /* NetworkDetecterApp.swift */; };
		4C9B1475293CBCA40014FA6D /* NetworkPingView.swift in Sources */ = {isa = PBXBuildFile; fileRef = 4C9B1474293CBCA40014FA6D /* NetworkPingView.swift */; };
		4C9B1477293CBCA60014FA6D /* Assets.xcassets in Resources */ = {isa = PBXBuildFile; fileRef = 4C9B1476293CBCA60014FA6D /* Assets.xcassets */; };
		4C9B147A293CBCA60014FA6D /* Preview Assets.xcassets in Resources */ = {isa = PBXBuildFile; fileRef = 4C9B1479293CBCA60014FA6D /* Preview Assets.xcassets */; };
		4C9D112D293CCBC7001B5042 /* SwiftyPing in Frameworks */ = {isa = PBXBuildFile; productRef = 4C9D112C293CCBC7001B5042 /* SwiftyPing */; };
		5076C9F491BDBEB63063EF25 /* AboutView.swift in Sources */ = {isa = PBXBuildFile; fileRef = 5076C9A35DEBD00F4934CEC2 /* AboutView.swift */; };
		5076CA53323C92C3FF8BC636 /* MainView.swift in Sources */ = {isa = PBXBuildFile; fileRef = 5076CE48F2E21068E99B21BE /* MainView.swift */; };
		5076CEC28704D0642B2DCCDE /* PingResultData.swift in Sources */ = {isa = PBXBuildFile; fileRef = 5076C29C9362AEE02CE846A7 /* PingResultData.swift */; };
/* End PBXBuildFile section */

/* Begin PBXContainerItemProxy section */
		4C9B1480293CBCA60014FA6D /* PBXContainerItemProxy */ = {
			isa = PBXContainerItemProxy;
			containerPortal = 4C9B1467293CBCA40014FA6D /* Project object */;
			proxyType = 1;
			remoteGlobalIDString = 4C9B146E293CBCA40014FA6D;
			remoteInfo = NetworkDetecter;
		};
		4C9B148A293CBCA60014FA6D /* PBXContainerItemProxy */ = {
			isa = PBXContainerItemProxy;
			containerPortal = 4C9B1467293CBCA40014FA6D /* Project object */;
			proxyType = 1;
			remoteGlobalIDString = 4C9B146E293CBCA40014FA6D;
			remoteInfo = NetworkDetecter;
		};
/* End PBXContainerItemProxy section */

/* Begin PBXFileReference section */
		4C6303472B00F58A004292B2 /* SimpleTracer.swift */ = {isa = PBXFileReference; fileEncoding = 4; lastKnownFileType = sourcecode.swift; name = SimpleTracer.swift; path = ../../../../SimpleTracer/Sources/SimpleTracer.swift; sourceTree = "<group>"; };
		4C63034C2B00FD9B004292B2 /* SimplePing.m */ = {isa = PBXFileReference; fileEncoding = 4; lastKnownFileType = sourcecode.c.objc; path = SimplePing.m; sourceTree = "<group>"; };
		4C63034D2B00FD9B004292B2 /* SimplePing.h */ = {isa = PBXFileReference; fileEncoding = 4; lastKnownFileType = sourcecode.c.h; path = SimplePing.h; sourceTree = "<group>"; };
		4C63034F2B00FE18004292B2 /* NetworkDetecter-Bridging-Header.h */ = {isa = PBXFileReference; fileEncoding = 4; lastKnownFileType = sourcecode.c.h; path = "NetworkDetecter-Bridging-Header.h"; sourceTree = "<group>"; };
		4C6303502B00FEE9004292B2 /* NetworkTraceRouter.swift */ = {isa = PBXFileReference; lastKnownFileType = sourcecode.swift; path = NetworkTraceRouter.swift; sourceTree = "<group>"; };
		4C9B146F293CBCA40014FA6D /* NetworkDetecter.app */ = {isa = PBXFileReference; explicitFileType = wrapper.application; includeInIndex = 0; path = NetworkDetecter.app; sourceTree = BUILT_PRODUCTS_DIR; };
		4C9B1472293CBCA40014FA6D /* NetworkDetecterApp.swift */ = {isa = PBXFileReference; lastKnownFileType = sourcecode.swift; path = NetworkDetecterApp.swift; sourceTree = "<group>"; };
		4C9B1474293CBCA40014FA6D /* NetworkPingView.swift */ = {isa = PBXFileReference; lastKnownFileType = sourcecode.swift; path = NetworkPingView.swift; sourceTree = "<group>"; };
		4C9B1476293CBCA60014FA6D /* Assets.xcassets */ = {isa = PBXFileReference; lastKnownFileType = folder.assetcatalog; path = Assets.xcassets; sourceTree = "<group>"; };
		4C9B1479293CBCA60014FA6D /* Preview Assets.xcassets */ = {isa = PBXFileReference; lastKnownFileType = folder.assetcatalog; path = "Preview Assets.xcassets"; sourceTree = "<group>"; };
		4C9B147F293CBCA60014FA6D /* NetworkDetecterTests.xctest */ = {isa = PBXFileReference; explicitFileType = wrapper.cfbundle; includeInIndex = 0; path = NetworkDetecterTests.xctest; sourceTree = BUILT_PRODUCTS_DIR; };
		4C9B1489293CBCA60014FA6D /* NetworkDetecterUITests.xctest */ = {isa = PBXFileReference; explicitFileType = wrapper.cfbundle; includeInIndex = 0; path = NetworkDetecterUITests.xctest; sourceTree = BUILT_PRODUCTS_DIR; };
		5076C29C9362AEE02CE846A7 /* PingResultData.swift */ = {isa = PBXFileReference; fileEncoding = 4; lastKnownFileType = sourcecode.swift; path = PingResultData.swift; sourceTree = "<group>"; };
		5076C9A35DEBD00F4934CEC2 /* AboutView.swift */ = {isa = PBXFileReference; fileEncoding = 4; lastKnownFileType = sourcecode.swift; path = AboutView.swift; sourceTree = "<group>"; };
		5076CE48F2E21068E99B21BE /* MainView.swift */ = {isa = PBXFileReference; fileEncoding = 4; lastKnownFileType = sourcecode.swift; path = MainView.swift; sourceTree = "<group>"; };
/* End PBXFileReference section */

/* Begin PBXFrameworksBuildPhase section */
		4C9B146C293CBCA40014FA6D /* Frameworks */ = {
			isa = PBXFrameworksBuildPhase;
			buildActionMask = 2147483647;
			files = (
				4C9D112D293CCBC7001B5042 /* SwiftyPing in Frameworks */,
			);
			runOnlyForDeploymentPostprocessing = 0;
		};
		4C9B147C293CBCA60014FA6D /* Frameworks */ = {
			isa = PBXFrameworksBuildPhase;
			buildActionMask = 2147483647;
			files = (
			);
			runOnlyForDeploymentPostprocessing = 0;
		};
		4C9B1486293CBCA60014FA6D /* Frameworks */ = {
			isa = PBXFrameworksBuildPhase;
			buildActionMask = 2147483647;
			files = (
			);
			runOnlyForDeploymentPostprocessing = 0;
		};
/* End PBXFrameworksBuildPhase section */

/* Begin PBXGroup section */
		4C9B1466293CBCA40014FA6D = {
			isa = PBXGroup;
			children = (
				4C9B1471293CBCA40014FA6D /* NetworkDetecter */,
				4C9B1470293CBCA40014FA6D /* Products */,
			);
			sourceTree = "<group>";
		};
		4C9B1470293CBCA40014FA6D /* Products */ = {
			isa = PBXGroup;
			children = (
				4C9B146F293CBCA40014FA6D /* NetworkDetecter.app */,
				4C9B147F293CBCA60014FA6D /* NetworkDetecterTests.xctest */,
				4C9B1489293CBCA60014FA6D /* NetworkDetecterUITests.xctest */,
			);
			name = Products;
			sourceTree = "<group>";
		};
		4C9B1471293CBCA40014FA6D /* NetworkDetecter */ = {
			isa = PBXGroup;
			children = (
				4C63034F2B00FE18004292B2 /* NetworkDetecter-Bridging-Header.h */,
				4C63034D2B00FD9B004292B2 /* SimplePing.h */,
				4C63034C2B00FD9B004292B2 /* SimplePing.m */,
				4C6303472B00F58A004292B2 /* SimpleTracer.swift */,
				4C9B1472293CBCA40014FA6D /* NetworkDetecterApp.swift */,
				4C9B1474293CBCA40014FA6D /* NetworkPingView.swift */,
				4C9B1476293CBCA60014FA6D /* Assets.xcassets */,
				4C9B1478293CBCA60014FA6D /* Preview Content */,
				5076C29C9362AEE02CE846A7 /* PingResultData.swift */,
				5076CE48F2E21068E99B21BE /* MainView.swift */,
				5076C9A35DEBD00F4934CEC2 /* AboutView.swift */,
				4C6303502B00FEE9004292B2 /* NetworkTraceRouter.swift */,
			);
			path = NetworkDetecter;
			sourceTree = "<group>";
		};
		4C9B1478293CBCA60014FA6D /* Preview Content */ = {
			isa = PBXGroup;
			children = (
				4C9B1479293CBCA60014FA6D /* Preview Assets.xcassets */,
			);
			path = "Preview Content";
			sourceTree = "<group>";
		};
/* End PBXGroup section */

/* Begin PBXNativeTarget section */
		4C9B146E293CBCA40014FA6D /* NetworkDetecter */ = {
			isa = PBXNativeTarget;
			buildConfigurationList = 4C9B1493293CBCA60014FA6D /* Build configuration list for PBXNativeTarget "NetworkDetecter" */;
			buildPhases = (
				4C9B146B293CBCA40014FA6D /* Sources */,
				4C9B146C293CBCA40014FA6D /* Frameworks */,
				4C9B146D293CBCA40014FA6D /* Resources */,
			);
			buildRules = (
			);
			dependencies = (
			);
			name = NetworkDetecter;
			packageProductDependencies = (
				4C9D112C293CCBC7001B5042 /* SwiftyPing */,
			);
			productName = NetworkDetecter;
			productReference = 4C9B146F293CBCA40014FA6D /* NetworkDetecter.app */;
			productType = "com.apple.product-type.application";
		};
		4C9B147E293CBCA60014FA6D /* NetworkDetecterTests */ = {
			isa = PBXNativeTarget;
			buildConfigurationList = 4C9B1496293CBCA60014FA6D /* Build configuration list for PBXNativeTarget "NetworkDetecterTests" */;
			buildPhases = (
				4C9B147B293CBCA60014FA6D /* Sources */,
				4C9B147C293CBCA60014FA6D /* Frameworks */,
				4C9B147D293CBCA60014FA6D /* Resources */,
			);
			buildRules = (
			);
			dependencies = (
				4C9B1481293CBCA60014FA6D /* PBXTargetDependency */,
			);
			name = NetworkDetecterTests;
			productName = NetworkDetecterTests;
			productReference = 4C9B147F293CBCA60014FA6D /* NetworkDetecterTests.xctest */;
			productType = "com.apple.product-type.bundle.unit-test";
		};
		4C9B1488293CBCA60014FA6D /* NetworkDetecterUITests */ = {
			isa = PBXNativeTarget;
			buildConfigurationList = 4C9B1499293CBCA60014FA6D /* Build configuration list for PBXNativeTarget "NetworkDetecterUITests" */;
			buildPhases = (
				4C9B1485293CBCA60014FA6D /* Sources */,
				4C9B1486293CBCA60014FA6D /* Frameworks */,
				4C9B1487293CBCA60014FA6D /* Resources */,
			);
			buildRules = (
			);
			dependencies = (
				4C9B148B293CBCA60014FA6D /* PBXTargetDependency */,
			);
			name = NetworkDetecterUITests;
			productName = NetworkDetecterUITests;
			productReference = 4C9B1489293CBCA60014FA6D /* NetworkDetecterUITests.xctest */;
			productType = "com.apple.product-type.bundle.ui-testing";
		};
/* End PBXNativeTarget section */

/* Begin PBXProject section */
		4C9B1467293CBCA40014FA6D /* Project object */ = {
			isa = PBXProject;
			attributes = {
				BuildIndependentTargetsInParallel = 1;
				LastSwiftUpdateCheck = 1410;
				LastUpgradeCheck = 1410;
				TargetAttributes = {
					4C9B146E293CBCA40014FA6D = {
						CreatedOnToolsVersion = 14.1;
						LastSwiftMigration = 1500;
					};
					4C9B147E293CBCA60014FA6D = {
						CreatedOnToolsVersion = 14.1;
						TestTargetID = 4C9B146E293CBCA40014FA6D;
					};
					4C9B1488293CBCA60014FA6D = {
						CreatedOnToolsVersion = 14.1;
						TestTargetID = 4C9B146E293CBCA40014FA6D;
					};
				};
			};
			buildConfigurationList = 4C9B146A293CBCA40014FA6D /* Build configuration list for PBXProject "NetworkDetecter" */;
			compatibilityVersion = "Xcode 14.0";
			developmentRegion = en;
			hasScannedForEncodings = 0;
			knownRegions = (
				en,
				Base,
			);
			mainGroup = 4C9B1466293CBCA40014FA6D;
			packageReferences = (
				4C9D112B293CCBC7001B5042 /* XCRemoteSwiftPackageReference "SwiftyPing" */,
			);
			productRefGroup = 4C9B1470293CBCA40014FA6D /* Products */;
			projectDirPath = "";
			projectRoot = "";
			targets = (
				4C9B146E293CBCA40014FA6D /* NetworkDetecter */,
				4C9B147E293CBCA60014FA6D /* NetworkDetecterTests */,
				4C9B1488293CBCA60014FA6D /* NetworkDetecterUITests */,
			);
		};
/* End PBXProject section */

/* Begin PBXResourcesBuildPhase section */
		4C9B146D293CBCA40014FA6D /* Resources */ = {
			isa = PBXResourcesBuildPhase;
			buildActionMask = 2147483647;
			files = (
				4C9B147A293CBCA60014FA6D /* Preview Assets.xcassets in Resources */,
				4C9B1477293CBCA60014FA6D /* Assets.xcassets in Resources */,
			);
			runOnlyForDeploymentPostprocessing = 0;
		};
		4C9B147D293CBCA60014FA6D /* Resources */ = {
			isa = PBXResourcesBuildPhase;
			buildActionMask = 2147483647;
			files = (
			);
			runOnlyForDeploymentPostprocessing = 0;
		};
		4C9B1487293CBCA60014FA6D /* Resources */ = {
			isa = PBXResourcesBuildPhase;
			buildActionMask = 2147483647;
			files = (
			);
			runOnlyForDeploymentPostprocessing = 0;
		};
/* End PBXResourcesBuildPhase section */

/* Begin PBXSourcesBuildPhase section */
		4C9B146B293CBCA40014FA6D /* Sources */ = {
			isa = PBXSourcesBuildPhase;
			buildActionMask = 2147483647;
			files = (
				4C9B1475293CBCA40014FA6D /* NetworkPingView.swift in Sources */,
				4C9B1473293CBCA40014FA6D /* NetworkDetecterApp.swift in Sources */,
				5076CEC28704D0642B2DCCDE /* PingResultData.swift in Sources */,
				5076CA53323C92C3FF8BC636 /* MainView.swift in Sources */,
				4C63034A2B00F58A004292B2 /* SimpleTracer.swift in Sources */,
				4C6303512B00FEE9004292B2 /* NetworkTraceRouter.swift in Sources */,
				4C63034E2B00FD9B004292B2 /* SimplePing.m in Sources */,
				5076C9F491BDBEB63063EF25 /* AboutView.swift in Sources */,
			);
			runOnlyForDeploymentPostprocessing = 0;
		};
		4C9B147B293CBCA60014FA6D /* Sources */ = {
			isa = PBXSourcesBuildPhase;
			buildActionMask = 2147483647;
			files = (
			);
			runOnlyForDeploymentPostprocessing = 0;
		};
		4C9B1485293CBCA60014FA6D /* Sources */ = {
			isa = PBXSourcesBuildPhase;
			buildActionMask = 2147483647;
			files = (
			);
			runOnlyForDeploymentPostprocessing = 0;
		};
/* End PBXSourcesBuildPhase section */

/* Begin PBXTargetDependency section */
		4C9B1481293CBCA60014FA6D /* PBXTargetDependency */ = {
			isa = PBXTargetDependency;
			target = 4C9B146E293CBCA40014FA6D /* NetworkDetecter */;
			targetProxy = 4C9B1480293CBCA60014FA6D /* PBXContainerItemProxy */;
		};
		4C9B148B293CBCA60014FA6D /* PBXTargetDependency */ = {
			isa = PBXTargetDependency;
			target = 4C9B146E293CBCA40014FA6D /* NetworkDetecter */;
			targetProxy = 4C9B148A293CBCA60014FA6D /* PBXContainerItemProxy */;
		};
/* End PBXTargetDependency section */

/* Begin XCBuildConfiguration section */
		4C9B1491293CBCA60014FA6D /* Debug */ = {
			isa = XCBuildConfiguration;
			buildSettings = {
				ALWAYS_SEARCH_USER_PATHS = NO;
				CLANG_ANALYZER_NONNULL = YES;
				CLANG_ANALYZER_NUMBER_OBJECT_CONVERSION = YES_AGGRESSIVE;
				CLANG_CXX_LANGUAGE_STANDARD = "gnu++20";
				CLANG_ENABLE_MODULES = YES;
				CLANG_ENABLE_OBJC_ARC = YES;
				CLANG_ENABLE_OBJC_WEAK = YES;
				CLANG_WARN_BLOCK_CAPTURE_AUTORELEASING = YES;
				CLANG_WARN_BOOL_CONVERSION = YES;
				CLANG_WARN_COMMA = YES;
				CLANG_WARN_CONSTANT_CONVERSION = YES;
				CLANG_WARN_DEPRECATED_OBJC_IMPLEMENTATIONS = YES;
				CLANG_WARN_DIRECT_OBJC_ISA_USAGE = YES_ERROR;
				CLANG_WARN_DOCUMENTATION_COMMENTS = YES;
				CLANG_WARN_EMPTY_BODY = YES;
				CLANG_WARN_ENUM_CONVERSION = YES;
				CLANG_WARN_INFINITE_RECURSION = YES;
				CLANG_WARN_INT_CONVERSION = YES;
				CLANG_WARN_NON_LITERAL_NULL_CONVERSION = YES;
				CLANG_WARN_OBJC_IMPLICIT_RETAIN_SELF = YES;
				CLANG_WARN_OBJC_LITERAL_CONVERSION = YES;
				CLANG_WARN_OBJC_ROOT_CLASS = YES_ERROR;
				CLANG_WARN_QUOTED_INCLUDE_IN_FRAMEWORK_HEADER = YES;
				CLANG_WARN_RANGE_LOOP_ANALYSIS = YES;
				CLANG_WARN_STRICT_PROTOTYPES = YES;
				CLANG_WARN_SUSPICIOUS_MOVE = YES;
				CLANG_WARN_UNGUARDED_AVAILABILITY = YES_AGGRESSIVE;
				CLANG_WARN_UNREACHABLE_CODE = YES;
				CLANG_WARN__DUPLICATE_METHOD_MATCH = YES;
				COPY_PHASE_STRIP = NO;
				DEBUG_INFORMATION_FORMAT = dwarf;
				ENABLE_STRICT_OBJC_MSGSEND = YES;
				ENABLE_TESTABILITY = YES;
				GCC_C_LANGUAGE_STANDARD = gnu11;
				GCC_DYNAMIC_NO_PIC = NO;
				GCC_NO_COMMON_BLOCKS = YES;
				GCC_OPTIMIZATION_LEVEL = 0;
				GCC_PREPROCESSOR_DEFINITIONS = (
					"DEBUG=1",
					"$(inherited)",
				);
				GCC_WARN_64_TO_32_BIT_CONVERSION = YES;
				GCC_WARN_ABOUT_RETURN_TYPE = YES_ERROR;
				GCC_WARN_UNDECLARED_SELECTOR = YES;
				GCC_WARN_UNINITIALIZED_AUTOS = YES_AGGRESSIVE;
				GCC_WARN_UNUSED_FUNCTION = YES;
				GCC_WARN_UNUSED_VARIABLE = YES;
				IPHONEOS_DEPLOYMENT_TARGET = 16.1;
				MTL_ENABLE_DEBUG_INFO = INCLUDE_SOURCE;
				MTL_FAST_MATH = YES;
				ONLY_ACTIVE_ARCH = YES;
				SDKROOT = iphoneos;
				SWIFT_ACTIVE_COMPILATION_CONDITIONS = DEBUG;
				SWIFT_OPTIMIZATION_LEVEL = "-Onone";
			};
			name = Debug;
		};
		4C9B1492293CBCA60014FA6D /* Release */ = {
			isa = XCBuildConfiguration;
			buildSettings = {
				ALWAYS_SEARCH_USER_PATHS = NO;
				CLANG_ANALYZER_NONNULL = YES;
				CLANG_ANALYZER_NUMBER_OBJECT_CONVERSION = YES_AGGRESSIVE;
				CLANG_CXX_LANGUAGE_STANDARD = "gnu++20";
				CLANG_ENABLE_MODULES = YES;
				CLANG_ENABLE_OBJC_ARC = YES;
				CLANG_ENABLE_OBJC_WEAK = YES;
				CLANG_WARN_BLOCK_CAPTURE_AUTORELEASING = YES;
				CLANG_WARN_BOOL_CONVERSION = YES;
				CLANG_WARN_COMMA = YES;
				CLANG_WARN_CONSTANT_CONVERSION = YES;
				CLANG_WARN_DEPRECATED_OBJC_IMPLEMENTATIONS = YES;
				CLANG_WARN_DIRECT_OBJC_ISA_USAGE = YES_ERROR;
				CLANG_WARN_DOCUMENTATION_COMMENTS = YES;
				CLANG_WARN_EMPTY_BODY = YES;
				CLANG_WARN_ENUM_CONVERSION = YES;
				CLANG_WARN_INFINITE_RECURSION = YES;
				CLANG_WARN_INT_CONVERSION = YES;
				CLANG_WARN_NON_LITERAL_NULL_CONVERSION = YES;
				CLANG_WARN_OBJC_IMPLICIT_RETAIN_SELF = YES;
				CLANG_WARN_OBJC_LITERAL_CONVERSION = YES;
				CLANG_WARN_OBJC_ROOT_CLASS = YES_ERROR;
				CLANG_WARN_QUOTED_INCLUDE_IN_FRAMEWORK_HEADER = YES;
				CLANG_WARN_RANGE_LOOP_ANALYSIS = YES;
				CLANG_WARN_STRICT_PROTOTYPES = YES;
				CLANG_WARN_SUSPICIOUS_MOVE = YES;
				CLANG_WARN_UNGUARDED_AVAILABILITY = YES_AGGRESSIVE;
				CLANG_WARN_UNREACHABLE_CODE = YES;
				CLANG_WARN__DUPLICATE_METHOD_MATCH = YES;
				COPY_PHASE_STRIP = NO;
				DEBUG_INFORMATION_FORMAT = "dwarf-with-dsym";
				ENABLE_NS_ASSERTIONS = NO;
				ENABLE_STRICT_OBJC_MSGSEND = YES;
				GCC_C_LANGUAGE_STANDARD = gnu11;
				GCC_NO_COMMON_BLOCKS = YES;
				GCC_WARN_64_TO_32_BIT_CONVERSION = YES;
				GCC_WARN_ABOUT_RETURN_TYPE = YES_ERROR;
				GCC_WARN_UNDECLARED_SELECTOR = YES;
				GCC_WARN_UNINITIALIZED_AUTOS = YES_AGGRESSIVE;
				GCC_WARN_UNUSED_FUNCTION = YES;
				GCC_WARN_UNUSED_VARIABLE = YES;
				IPHONEOS_DEPLOYMENT_TARGET = 16.1;
				MTL_ENABLE_DEBUG_INFO = NO;
				MTL_FAST_MATH = YES;
				SDKROOT = iphoneos;
				SWIFT_COMPILATION_MODE = wholemodule;
				SWIFT_OPTIMIZATION_LEVEL = "-O";
				VALIDATE_PRODUCT = YES;
			};
			name = Release;
		};
		4C9B1494293CBCA60014FA6D /* Debug */ = {
			isa = XCBuildConfiguration;
			buildSettings = {
				ASSETCATALOG_COMPILER_APPICON_NAME = AppIcon;
				ASSETCATALOG_COMPILER_GLOBAL_ACCENT_COLOR_NAME = AccentColor;
				CLANG_ENABLE_MODULES = YES;
				CODE_SIGN_STYLE = Automatic;
				CURRENT_PROJECT_VERSION = 1;
				DEVELOPMENT_ASSET_PATHS = "\"NetworkDetecter/Preview Content\"";
				DEVELOPMENT_TEAM = N8GU657QX2;
				ENABLE_PREVIEWS = YES;
				GENERATE_INFOPLIST_FILE = YES;
				INFOPLIST_KEY_UIApplicationSceneManifest_Generation = YES;
				INFOPLIST_KEY_UIApplicationSupportsIndirectInputEvents = YES;
				INFOPLIST_KEY_UILaunchScreen_Generation = YES;
				INFOPLIST_KEY_UISupportedInterfaceOrientations_iPad = "UIInterfaceOrientationPortrait UIInterfaceOrientationPortraitUpsideDown UIInterfaceOrientationLandscapeLeft UIInterfaceOrientationLandscapeRight";
				INFOPLIST_KEY_UISupportedInterfaceOrientations_iPhone = "UIInterfaceOrientationPortrait UIInterfaceOrientationLandscapeLeft UIInterfaceOrientationLandscapeRight";
				LD_RUNPATH_SEARCH_PATHS = (
					"$(inherited)",
					"@executable_path/Frameworks",
				);
				MARKETING_VERSION = 1.0;
				PRODUCT_BUNDLE_IDENTIFIER = pw.jonwinters.app.NetworkDetecter;
				PRODUCT_NAME = "$(TARGET_NAME)";
				SWIFT_EMIT_LOC_STRINGS = YES;
				SWIFT_OBJC_BRIDGING_HEADER = "NetworkDetecter/NetworkDetecter-Bridging-Header.h";
				SWIFT_OPTIMIZATION_LEVEL = "-Onone";
				SWIFT_VERSION = 5.0;
				TARGETED_DEVICE_FAMILY = "1,2";
			};
			name = Debug;
		};
		4C9B1495293CBCA60014FA6D /* Release */ = {
			isa = XCBuildConfiguration;
			buildSettings = {
				ASSETCATALOG_COMPILER_APPICON_NAME = AppIcon;
				ASSETCATALOG_COMPILER_GLOBAL_ACCENT_COLOR_NAME = AccentColor;
				CLANG_ENABLE_MODULES = YES;
				CODE_SIGN_STYLE = Automatic;
				CURRENT_PROJECT_VERSION = 1;
				DEVELOPMENT_ASSET_PATHS = "\"NetworkDetecter/Preview Content\"";
				DEVELOPMENT_TEAM = N8GU657QX2;
				ENABLE_PREVIEWS = YES;
				GENERATE_INFOPLIST_FILE = YES;
				INFOPLIST_KEY_UIApplicationSceneManifest_Generation = YES;
				INFOPLIST_KEY_UIApplicationSupportsIndirectInputEvents = YES;
				INFOPLIST_KEY_UILaunchScreen_Generation = YES;
				INFOPLIST_KEY_UISupportedInterfaceOrientations_iPad = "UIInterfaceOrientationPortrait UIInterfaceOrientationPortraitUpsideDown UIInterfaceOrientationLandscapeLeft UIInterfaceOrientationLandscapeRight";
				INFOPLIST_KEY_UISupportedInterfaceOrientations_iPhone = "UIInterfaceOrientationPortrait UIInterfaceOrientationLandscapeLeft UIInterfaceOrientationLandscapeRight";
				LD_RUNPATH_SEARCH_PATHS = (
					"$(inherited)",
					"@executable_path/Frameworks",
				);
				MARKETING_VERSION = 1.0;
				PRODUCT_BUNDLE_IDENTIFIER = pw.jonwinters.app.NetworkDetecter;
				PRODUCT_NAME = "$(TARGET_NAME)";
				SWIFT_EMIT_LOC_STRINGS = YES;
				SWIFT_OBJC_BRIDGING_HEADER = "NetworkDetecter/NetworkDetecter-Bridging-Header.h";
				SWIFT_VERSION = 5.0;
				TARGETED_DEVICE_FAMILY = "1,2";
			};
			name = Release;
		};
		4C9B1497293CBCA60014FA6D /* Debug */ = {
			isa = XCBuildConfiguration;
			buildSettings = {
				ALWAYS_EMBED_SWIFT_STANDARD_LIBRARIES = YES;
				BUNDLE_LOADER = "$(TEST_HOST)";
				CODE_SIGN_STYLE = Automatic;
				CURRENT_PROJECT_VERSION = 1;
				DEVELOPMENT_TEAM = N8GU657QX2;
				GENERATE_INFOPLIST_FILE = YES;
				IPHONEOS_DEPLOYMENT_TARGET = 16.1;
				MARKETING_VERSION = 1.0;
				PRODUCT_BUNDLE_IDENTIFIER = pw.jonwinters.app.NetworkDetecterTests;
				PRODUCT_NAME = "$(TARGET_NAME)";
				SWIFT_EMIT_LOC_STRINGS = NO;
				SWIFT_VERSION = 5.0;
				TARGETED_DEVICE_FAMILY = "1,2";
				TEST_HOST = "$(BUILT_PRODUCTS_DIR)/NetworkDetecter.app/$(BUNDLE_EXECUTABLE_FOLDER_PATH)/NetworkDetecter";
			};
			name = Debug;
		};
		4C9B1498293CBCA60014FA6D /* Release */ = {
			isa = XCBuildConfiguration;
			buildSettings = {
				ALWAYS_EMBED_SWIFT_STANDARD_LIBRARIES = YES;
				BUNDLE_LOADER = "$(TEST_HOST)";
				CODE_SIGN_STYLE = Automatic;
				CURRENT_PROJECT_VERSION = 1;
				DEVELOPMENT_TEAM = N8GU657QX2;
				GENERATE_INFOPLIST_FILE = YES;
				IPHONEOS_DEPLOYMENT_TARGET = 16.1;
				MARKETING_VERSION = 1.0;
				PRODUCT_BUNDLE_IDENTIFIER = pw.jonwinters.app.NetworkDetecterTests;
				PRODUCT_NAME = "$(TARGET_NAME)";
				SWIFT_EMIT_LOC_STRINGS = NO;
				SWIFT_VERSION = 5.0;
				TARGETED_DEVICE_FAMILY = "1,2";
				TEST_HOST = "$(BUILT_PRODUCTS_DIR)/NetworkDetecter.app/$(BUNDLE_EXECUTABLE_FOLDER_PATH)/NetworkDetecter";
			};
			name = Release;
		};
		4C9B149A293CBCA60014FA6D /* Debug */ = {
			isa = XCBuildConfiguration;
			buildSettings = {
				ALWAYS_EMBED_SWIFT_STANDARD_LIBRARIES = YES;
				CODE_SIGN_STYLE = Automatic;
				CURRENT_PROJECT_VERSION = 1;
				DEVELOPMENT_TEAM = N8GU657QX2;
				GENERATE_INFOPLIST_FILE = YES;
				MARKETING_VERSION = 1.0;
				PRODUCT_BUNDLE_IDENTIFIER = pw.jonwinters.app.NetworkDetecterUITests;
				PRODUCT_NAME = "$(TARGET_NAME)";
				SWIFT_EMIT_LOC_STRINGS = NO;
				SWIFT_VERSION = 5.0;
				TARGETED_DEVICE_FAMILY = "1,2";
				TEST_TARGET_NAME = NetworkDetecter;
			};
			name = Debug;
		};
		4C9B149B293CBCA60014FA6D /* Release */ = {
			isa = XCBuildConfiguration;
			buildSettings = {
				ALWAYS_EMBED_SWIFT_STANDARD_LIBRARIES = YES;
				CODE_SIGN_STYLE = Automatic;
				CURRENT_PROJECT_VERSION = 1;
				DEVELOPMENT_TEAM = N8GU657QX2;
				GENERATE_INFOPLIST_FILE = YES;
				MARKETING_VERSION = 1.0;
				PRODUCT_BUNDLE_IDENTIFIER = pw.jonwinters.app.NetworkDetecterUITests;
				PRODUCT_NAME = "$(TARGET_NAME)";
				SWIFT_EMIT_LOC_STRINGS = NO;
				SWIFT_VERSION = 5.0;
				TARGETED_DEVICE_FAMILY = "1,2";
				TEST_TARGET_NAME = NetworkDetecter;
			};
			name = Release;
		};
/* End XCBuildConfiguration section */

/* Begin XCConfigurationList section */
		4C9B146A293CBCA40014FA6D /* Build configuration list for PBXProject "NetworkDetecter" */ = {
			isa = XCConfigurationList;
			buildConfigurations = (
				4C9B1491293CBCA60014FA6D /* Debug */,
				4C9B1492293CBCA60014FA6D /* Release */,
			);
			defaultConfigurationIsVisible = 0;
			defaultConfigurationName = Release;
		};
		4C9B1493293CBCA60014FA6D /* Build configuration list for PBXNativeTarget "NetworkDetecter" */ = {
			isa = XCConfigurationList;
			buildConfigurations = (
				4C9B1494293CBCA60014FA6D /* Debug */,
				4C9B1495293CBCA60014FA6D /* Release */,
			);
			defaultConfigurationIsVisible = 0;
			defaultConfigurationName = Release;
		};
		4C9B1496293CBCA60014FA6D /* Build configuration list for PBXNativeTarget "NetworkDetecterTests" */ = {
			isa = XCConfigurationList;
			buildConfigurations = (
				4C9B1497293CBCA60014FA6D /* Debug */,
				4C9B1498293CBCA60014FA6D /* Release */,
			);
			defaultConfigurationIsVisible = 0;
			defaultConfigurationName = Release;
		};
		4C9B1499293CBCA60014FA6D /* Build configuration list for PBXNativeTarget "NetworkDetecterUITests" */ = {
			isa = XCConfigurationList;
			buildConfigurations = (
				4C9B149A293CBCA60014FA6D /* Debug */,
				4C9B149B293CBCA60014FA6D /* Release */,
			);
			defaultConfigurationIsVisible = 0;
			defaultConfigurationName = Release;
		};
/* End XCConfigurationList section */

/* Begin XCRemoteSwiftPackageReference section */
		4C9D112B293CCBC7001B5042 /* XCRemoteSwiftPackageReference "SwiftyPing" */ = {
			isa = XCRemoteSwiftPackageReference;
			repositoryURL = "https://github.com/samiyr/SwiftyPing";
			requirement = {
				branch = master;
				kind = branch;
			};
		};
/* End XCRemoteSwiftPackageReference section */

/* Begin XCSwiftPackageProductDependency section */
		4C9D112C293CCBC7001B5042 /* SwiftyPing */ = {
			isa = XCSwiftPackageProductDependency;
			package = 4C9D112B293CCBC7001B5042 /* XCRemoteSwiftPackageReference "SwiftyPing" */;
			productName = SwiftyPing;
		};
/* End XCSwiftPackageProductDependency section */
	};
	rootObject = 4C9B1467293CBCA40014FA6D /* Project object */;
}
